
Microsoft Visual Studio Solution File, Format Version 12.00
# Visual Studio Version 17
VisualStudioVersion = 17.5.002.0
MinimumVisualStudioVersion = 10.0.40219.1
Project("{9A19103F-16F7-4668-BE54-9A1E7A4F7556}") = "DesafioPOO", "DesafioPOO.csproj", "{367E4D05-4F6B-4FD4-9D62-16E24F2D304B}"
EndProject
Global
	GlobalSection(SolutionConfigurationPlatforms) = preSolution
		Debug|Any CPU = Debug|Any CPU
		Release|Any CPU = Release|Any CPU
	EndGlobalSection
	GlobalSection(ProjectConfigurationPlatforms) = postSolution
		{367E4D05-4F6B-4FD4-9D62-16E24F2D304B}.Debug|Any CPU.ActiveCfg = Debug|Any CPU
		{367E4D05-4F6B-4FD4-9D62-16E24F2D304B}.Debug|Any CPU.Build.0 = Debug|Any CPU
		{367E4D05-4F6B-4FD4-9D62-16E24F2D304B}.Release|Any CPU.ActiveCfg = Release|Any CPU
		{367E4D05-4F6B-4FD4-9D62-16E24F2D304B}.Release|Any CPU.Build.0 = Release|Any CPU
	EndGlobalSection
	GlobalSection(SolutionProperties) = preSolution
		HideSolutionNode = FALSE
	EndGlobalSection
	GlobalSection(ExtensibilityGlobals) = postSolution
		SolutionGuid = {DD82594F-B93C-4879-9B3C-49E1B1E84F3F}
	EndGlobalSection
EndGlobal
